
Microsoft Visual Studio Solution File, Format Version 12.00
# Visual Studio Version 17
VisualStudioVersion = 17.13.35818.85 d17.13
MinimumVisualStudioVersion = 10.0.40219.1
Project("{FAE04EC0-301F-11D3-BF4B-00C04F79EFBC}") = "Scannerfy.Api", "Scannerfy.Api.csproj", "{18350141-51F0-44E8-89B2-B7E0947D8669}"
EndProject
Global
	GlobalSection(SolutionConfigurationPlatforms) = preSolution
		Debug|Any CPU = Debug|Any CPU
		Release|Any CPU = Release|Any CPU
	EndGlobalSection
	GlobalSection(ProjectConfigurationPlatforms) = postSolution
		{18350141-51F0-44E8-89B2-B7E0947D8669}.Debug|Any CPU.ActiveCfg = Debug|Any CPU
		{18350141-51F0-44E8-89B2-B7E0947D8669}.Debug|Any CPU.Build.0 = Debug|Any CPU
		{18350141-51F0-44E8-89B2-B7E0947D8669}.Release|Any CPU.ActiveCfg = Release|Any CPU
		{18350141-51F0-44E8-89B2-B7E0947D8669}.Release|Any CPU.Build.0 = Release|Any CPU
	EndGlobalSection
	GlobalSection(SolutionProperties) = preSolution
		HideSolutionNode = FALSE
	EndGlobalSection
	GlobalSection(ExtensibilityGlobals) = postSolution
		SolutionGuid = {CEBA77DD-9E47-4B61-90D1-0D6A1C96DC06}
	EndGlobalSection
EndGlobal
